
Microsoft Visual Studio Solution File, Format Version 12.00
# Visual Studio 15
VisualStudioVersion = 15.0.26124.0
MinimumVisualStudioVersion = 15.0.26124.0
Project("{FAE04EC0-301F-11D3-BF4B-00C04F79EFBC}") = "PrimeService", "PrimeService\PrimeService.csproj", "{7A31BCA7-4C81-42C4-AB77-308324865895}"
EndProject
Project("{FAE04EC0-301F-11D3-BF4B-00C04F79EFBC}") = "PrimeService.Tests", "PrimeService.Tests\PrimeService.Tests.csproj", "{FA40A853-B9B6-427B-96BA-8FF5F95912AE}"
EndProject
Global
	GlobalSection(SolutionConfigurationPlatforms) = preSolution
		Debug|Any CPU = Debug|Any CPU
		Debug|x64 = Debug|x64
		Debug|x86 = Debug|x86
		Release|Any CPU = Release|Any CPU
		Release|x64 = Release|x64
		Release|x86 = Release|x86
	EndGlobalSection
	GlobalSection(SolutionProperties) = preSolution
		HideSolutionNode = FALSE
	EndGlobalSection
	GlobalSection(ProjectConfigurationPlatforms) = postSolution
		{7A31BCA7-4C81-42C4-AB77-308324865895}.Debug|Any CPU.ActiveCfg = Debug|Any CPU
		{7A31BCA7-4C81-42C4-AB77-308324865895}.Debug|Any CPU.Build.0 = Debug|Any CPU
		{7A31BCA7-4C81-42C4-AB77-308324865895}.Debug|x64.ActiveCfg = Debug|Any CPU
		{7A31BCA7-4C81-42C4-AB77-308324865895}.Debug|x64.Build.0 = Debug|Any CPU
		{7A31BCA7-4C81-42C4-AB77-308324865895}.Debug|x86.ActiveCfg = Debug|Any CPU
		{7A31BCA7-4C81-42C4-AB77-308324865895}.Debug|x86.Build.0 = Debug|Any CPU
		{7A31BCA7-4C81-42C4-AB77-308324865895}.Release|Any CPU.ActiveCfg = Release|Any CPU
		{7A31BCA7-4C81-42C4-AB77-308324865895}.Release|Any CPU.Build.0 = Release|Any CPU
		{7A31BCA7-4C81-42C4-AB77-308324865895}.Release|x64.ActiveCfg = Release|Any CPU
		{7A31BCA7-4C81-42C4-AB77-308324865895}.Release|x64.Build.0 = Release|Any CPU
		{7A31BCA7-4C81-42C4-AB77-308324865895}.Release|x86.ActiveCfg = Release|Any CPU
		{7A31BCA7-4C81-42C4-AB77-308324865895}.Release|x86.Build.0 = Release|Any CPU
		{FA40A853-B9B6-427B-96BA-8FF5F95912AE}.Debug|Any CPU.ActiveCfg = Debug|Any CPU
		{FA40A853-B9B6-427B-96BA-8FF5F95912AE}.Debug|Any CPU.Build.0 = Debug|Any CPU
		{FA40A853-B9B6-427B-96BA-8FF5F95912AE}.Debug|x64.ActiveCfg = Debug|Any CPU
		{FA40A853-B9B6-427B-96BA-8FF5F95912AE}.Debug|x64.Build.0 = Debug|Any CPU
		{FA40A853-B9B6-427B-96BA-8FF5F95912AE}.Debug|x86.ActiveCfg = Debug|Any CPU
		{FA40A853-B9B6-427B-96BA-8FF5F95912AE}.Debug|x86.Build.0 = Debug|Any CPU
		{FA40A853-B9B6-427B-96BA-8FF5F95912AE}.Release|Any CPU.ActiveCfg = Release|Any CPU
		{FA40A853-B9B6-427B-96BA-8FF5F95912AE}.Release|Any CPU.Build.0 = Release|Any CPU
		{FA40A853-B9B6-427B-96BA-8FF5F95912AE}.Release|x64.ActiveCfg = Release|Any CPU
		{FA40A853-B9B6-427B-96BA-8FF5F95912AE}.Release|x64.Build.0 = Release|Any CPU
		{FA40A853-B9B6-427B-96BA-8FF5F95912AE}.Release|x86.ActiveCfg = Release|Any CPU
		{FA40A853-B9B6-427B-96BA-8FF5F95912AE}.Release|x86.Build.0 = Release|Any CPU
	EndGlobalSection
EndGlobal
