
Microsoft Visual Studio Solution File, Format Version 12.00
# Visual Studio Version 16
VisualStudioVersion = 16.0.29926.136
MinimumVisualStudioVersion = 10.0.40219.1
Project("{FAE04EC0-301F-11D3-BF4B-00C04F79EFBC}") = "BookCatalog", "BookCatalog.csproj", "{64FF4B34-10ED-4644-A6A3-2183506A7BAC}"
EndProject
Global
	GlobalSection(SolutionConfigurationPlatforms) = preSolution
		Debug|Any CPU = Debug|Any CPU
		Release|Any CPU = Release|Any CPU
	EndGlobalSection
	GlobalSection(ProjectConfigurationPlatforms) = postSolution
		{64FF4B34-10ED-4644-A6A3-2183506A7BAC}.Debug|Any CPU.ActiveCfg = Debug|Any CPU
		{64FF4B34-10ED-4644-A6A3-2183506A7BAC}.Debug|Any CPU.Build.0 = Debug|Any CPU
		{64FF4B34-10ED-4644-A6A3-2183506A7BAC}.Release|Any CPU.ActiveCfg = Release|Any CPU
		{64FF4B34-10ED-4644-A6A3-2183506A7BAC}.Release|Any CPU.Build.0 = Release|Any CPU
	EndGlobalSection
	GlobalSection(SolutionProperties) = preSolution
		HideSolutionNode = FALSE
	EndGlobalSection
	GlobalSection(ExtensibilityGlobals) = postSolution
		SolutionGuid = {E792244E-3B42-4016-B628-BEAA88648434}
	EndGlobalSection
EndGlobal
